// !$*UTF8*$!
{
	archiveVersion = 1;
	classes = {
	};
	objectVersion = 50;
	objects = {

/* Begin PBXBuildFile section */
		78C8128F22D3836C00B022D7 /* FlowerClassification.mlmodel in Sources */ = {isa = PBXBuildFile; fileRef = 78C8128E22D3836C00B022D7 /* FlowerClassification.mlmodel */; };
		78F0576822CEC91B002D7CBE /* AppDelegate.swift in Sources */ = {isa = PBXBuildFile; fileRef = 78F0576722CEC91B002D7CBE /* AppDelegate.swift */; };
		78F0576A22CEC91B002D7CBE /* ViewController.swift in Sources */ = {isa = PBXBuildFile; fileRef = 78F0576922CEC91B002D7CBE /* ViewController.swift */; };
		78F0576D22CEC91B002D7CBE /* Main.storyboard in Resources */ = {isa = PBXBuildFile; fileRef = 78F0576B22CEC91B002D7CBE /* Main.storyboard */; };
		78F0576F22CEC93D002D7CBE /* Assets.xcassets in Resources */ = {isa = PBXBuildFile; fileRef = 78F0576E22CEC93D002D7CBE /* Assets.xcassets */; };
		78F0577222CEC93D002D7CBE /* LaunchScreen.storyboard in Resources */ = {isa = PBXBuildFile; fileRef = 78F0577022CEC93D002D7CBE /* LaunchScreen.storyboard */; };
		78F0577A22CF22C3002D7CBE /* FlowerClassification.mlmodel in Sources */ = {isa = PBXBuildFile; fileRef = 78F0577922CF22C3002D7CBE /* FlowerClassification.mlmodel */; };
		93F38A9EBCEBD33360F12B39 /* Pods_FindFlower.framework in Frameworks */ = {isa = PBXBuildFile; fileRef = 866871F92EA6336F324C0E49 /* Pods_FindFlower.framework */; };
/* End PBXBuildFile section */

/* Begin PBXFileReference section */
		42CF37E8FADA341CF2EBC7DD /* Pods-FindFlower.release.xcconfig */ = {isa = PBXFileReference; includeInIndex = 1; lastKnownFileType = text.xcconfig; name = "Pods-FindFlower.release.xcconfig"; path = "Target Support Files/Pods-FindFlower/Pods-FindFlower.release.xcconfig"; sourceTree = "<group>"; };
		78C8128E22D3836C00B022D7 /* FlowerClassification.mlmodel */ = {isa = PBXFileReference; lastKnownFileType = file.mlmodel; name = FlowerClassification.mlmodel; path = ../../FlowerClassification/FlowerClassification.mlmodel; sourceTree = "<group>"; };
		78F0576422CEC91B002D7CBE /* FindFlower.app */ = {isa = PBXFileReference; explicitFileType = wrapper.application; includeInIndex = 0; path = FindFlower.app; sourceTree = BUILT_PRODUCTS_DIR; };
		78F0576722CEC91B002D7CBE /* AppDelegate.swift */ = {isa = PBXFileReference; lastKnownFileType = sourcecode.swift; path = AppDelegate.swift; sourceTree = "<group>"; };
		78F0576922CEC91B002D7CBE /* ViewController.swift */ = {isa = PBXFileReference; lastKnownFileType = sourcecode.swift; path = ViewController.swift; sourceTree = "<group>"; };
		78F0576C22CEC91B002D7CBE /* Base */ = {isa = PBXFileReference; lastKnownFileType = file.storyboard; name = Base; path = Base.lproj/Main.storyboard; sourceTree = "<group>"; };
		78F0576E22CEC93D002D7CBE /* Assets.xcassets */ = {isa = PBXFileReference; lastKnownFileType = folder.assetcatalog; path = Assets.xcassets; sourceTree = "<group>"; };
		78F0577122CEC93D002D7CBE /* Base */ = {isa = PBXFileReference; lastKnownFileType = file.storyboard; name = Base; path = Base.lproj/LaunchScreen.storyboard; sourceTree = "<group>"; };
		78F0577322CEC93E002D7CBE /* Info.plist */ = {isa = PBXFileReference; lastKnownFileType = text.plist.xml; path = Info.plist; sourceTree = "<group>"; };
		78F0577922CF22C3002D7CBE /* FlowerClassification.mlmodel */ = {isa = PBXFileReference; lastKnownFileType = file.mlmodel; name = FlowerClassification.mlmodel; path = ../../FlowerClassification/FlowerClassification.mlmodel; sourceTree = "<group>"; };
		866871F92EA6336F324C0E49 /* Pods_FindFlower.framework */ = {isa = PBXFileReference; explicitFileType = wrapper.framework; includeInIndex = 0; path = Pods_FindFlower.framework; sourceTree = BUILT_PRODUCTS_DIR; };
		B04318C65E96B836321158E1 /* Pods-FindFlower.debug.xcconfig */ = {isa = PBXFileReference; includeInIndex = 1; lastKnownFileType = text.xcconfig; name = "Pods-FindFlower.debug.xcconfig"; path = "Target Support Files/Pods-FindFlower/Pods-FindFlower.debug.xcconfig"; sourceTree = "<group>"; };
/* End PBXFileReference section */

/* Begin PBXFrameworksBuildPhase section */
		78F0576122CEC91B002D7CBE /* Frameworks */ = {
			isa = PBXFrameworksBuildPhase;
			buildActionMask = 2147483647;
			files = (
				93F38A9EBCEBD33360F12B39 /* Pods_FindFlower.framework in Frameworks */,
			);
			runOnlyForDeploymentPostprocessing = 0;
		};
/* End PBXFrameworksBuildPhase section */

/* Begin PBXGroup section */
		1A8CA9443F8F6F49ABA7B40B /* Frameworks */ = {
			isa = PBXGroup;
			children = (
				866871F92EA6336F324C0E49 /* Pods_FindFlower.framework */,
			);
			name = Frameworks;
			sourceTree = "<group>";
		};
		679D53EFBE0DC4623BED76EF /* Pods */ = {
			isa = PBXGroup;
			children = (
				B04318C65E96B836321158E1 /* Pods-FindFlower.debug.xcconfig */,
				42CF37E8FADA341CF2EBC7DD /* Pods-FindFlower.release.xcconfig */,
			);
			path = Pods;
			sourceTree = "<group>";
		};
		78F0575B22CEC91B002D7CBE = {
			isa = PBXGroup;
			children = (
				78F0576622CEC91B002D7CBE /* FindFlower */,
				78F0576522CEC91B002D7CBE /* Products */,
				679D53EFBE0DC4623BED76EF /* Pods */,
				1A8CA9443F8F6F49ABA7B40B /* Frameworks */,
			);
			sourceTree = "<group>";
		};
		78F0576522CEC91B002D7CBE /* Products */ = {
			isa = PBXGroup;
			children = (
				78F0576422CEC91B002D7CBE /* FindFlower.app */,
			);
			name = Products;
			sourceTree = "<group>";
		};
		78F0576622CEC91B002D7CBE /* FindFlower */ = {
			isa = PBXGroup;
			children = (
				78F0576722CEC91B002D7CBE /* AppDelegate.swift */,
				78F0576922CEC91B002D7CBE /* ViewController.swift */,
				78F0576B22CEC91B002D7CBE /* Main.storyboard */,
				78C8128E22D3836C00B022D7 /* FlowerClassification.mlmodel */,
				78F0576E22CEC93D002D7CBE /* Assets.xcassets */,
				78F0577022CEC93D002D7CBE /* LaunchScreen.storyboard */,
				78F0577322CEC93E002D7CBE /* Info.plist */,
				78F0577922CF22C3002D7CBE /* FlowerClassification.mlmodel */,
			);
			path = FindFlower;
			sourceTree = "<group>";
		};
/* End PBXGroup section */

/* Begin PBXNativeTarget section */
		78F0576322CEC91B002D7CBE /* FindFlower */ = {
			isa = PBXNativeTarget;
			buildConfigurationList = 78F0577622CEC93E002D7CBE /* Build configuration list for PBXNativeTarget "FindFlower" */;
			buildPhases = (
				C2931884E2C80829F8D4BE07 /* [CP] Check Pods Manifest.lock */,
				78F0576022CEC91B002D7CBE /* Sources */,
				78F0576122CEC91B002D7CBE /* Frameworks */,
				78F0576222CEC91B002D7CBE /* Resources */,
				769BB9BEFF40C4E8F05CE3E6 /* [CP] Embed Pods Frameworks */,
			);
			buildRules = (
			);
			dependencies = (
			);
			name = FindFlower;
			productName = FindFlower;
			productReference = 78F0576422CEC91B002D7CBE /* FindFlower.app */;
			productType = "com.apple.product-type.application";
		};
/* End PBXNativeTarget section */

/* Begin PBXProject section */
		78F0575C22CEC91B002D7CBE /* Project object */ = {
			isa = PBXProject;
			attributes = {
				LastSwiftUpdateCheck = 1020;
				LastUpgradeCheck = 1020;
				ORGANIZATIONNAME = "Programmer Alley";
				TargetAttributes = {
					78F0576322CEC91B002D7CBE = {
						CreatedOnToolsVersion = 10.2.1;
					};
				};
			};
			buildConfigurationList = 78F0575F22CEC91B002D7CBE /* Build configuration list for PBXProject "FindFlower" */;
			compatibilityVersion = "Xcode 9.3";
			developmentRegion = en;
			hasScannedForEncodings = 0;
			knownRegions = (
				en,
				Base,
			);
			mainGroup = 78F0575B22CEC91B002D7CBE;
			productRefGroup = 78F0576522CEC91B002D7CBE /* Products */;
			projectDirPath = "";
			projectRoot = "";
			targets = (
				78F0576322CEC91B002D7CBE /* FindFlower */,
			);
		};
/* End PBXProject section */

/* Begin PBXResourcesBuildPhase section */
		78F0576222CEC91B002D7CBE /* Resources */ = {
			isa = PBXResourcesBuildPhase;
			buildActionMask = 2147483647;
			files = (
				78F0577222CEC93D002D7CBE /* LaunchScreen.storyboard in Resources */,
				78F0576F22CEC93D002D7CBE /* Assets.xcassets in Resources */,
				78F0576D22CEC91B002D7CBE /* Main.storyboard in Resources */,
			);
			runOnlyForDeploymentPostprocessing = 0;
		};
/* End PBXResourcesBuildPhase section */

/* Begin PBXShellScriptBuildPhase section */
		769BB9BEFF40C4E8F05CE3E6 /* [CP] Embed Pods Frameworks */ = {
			isa = PBXShellScriptBuildPhase;
			buildActionMask = 2147483647;
			files = (
			);
			inputFileListPaths = (
				"${PODS_ROOT}/Target Support Files/Pods-FindFlower/Pods-FindFlower-frameworks-${CONFIGURATION}-input-files.xcfilelist",
			);
			name = "[CP] Embed Pods Frameworks";
			outputFileListPaths = (
				"${PODS_ROOT}/Target Support Files/Pods-FindFlower/Pods-FindFlower-frameworks-${CONFIGURATION}-output-files.xcfilelist",
			);
			runOnlyForDeploymentPostprocessing = 0;
			shellPath = /bin/sh;
			shellScript = "\"${PODS_ROOT}/Target Support Files/Pods-FindFlower/Pods-FindFlower-frameworks.sh\"\n";
			showEnvVarsInLog = 0;
		};
		C2931884E2C80829F8D4BE07 /* [CP] Check Pods Manifest.lock */ = {
			isa = PBXShellScriptBuildPhase;
			buildActionMask = 2147483647;
			files = (
			);
			inputFileListPaths = (
			);
			inputPaths = (
				"${PODS_PODFILE_DIR_PATH}/Podfile.lock",
				"${PODS_ROOT}/Manifest.lock",
			);
			name = "[CP] Check Pods Manifest.lock";
			outputFileListPaths = (
			);
			outputPaths = (
				"$(DERIVED_FILE_DIR)/Pods-FindFlower-checkManifestLockResult.txt",
			);
			runOnlyForDeploymentPostprocessing = 0;
			shellPath = /bin/sh;
			shellScript = "diff \"${PODS_PODFILE_DIR_PATH}/Podfile.lock\" \"${PODS_ROOT}/Manifest.lock\" > /dev/null\nif [ $? != 0 ] ; then\n    # print error to STDERR\n    echo \"error: The sandbox is not in sync with the Podfile.lock. Run 'pod install' or update your CocoaPods installation.\" >&2\n    exit 1\nfi\n# This output is used by Xcode 'outputs' to avoid re-running this script phase.\necho \"SUCCESS\" > \"${SCRIPT_OUTPUT_FILE_0}\"\n";
			showEnvVarsInLog = 0;
		};
/* End PBXShellScriptBuildPhase section */

/* Begin PBXSourcesBuildPhase section */
		78F0576022CEC91B002D7CBE /* Sources */ = {
			isa = PBXSourcesBuildPhase;
			buildActionMask = 2147483647;
			files = (
				78F0576A22CEC91B002D7CBE /* ViewController.swift in Sources */,
				78F0577A22CF22C3002D7CBE /* FlowerClassification.mlmodel in Sources */,
				78F0576822CEC91B002D7CBE /* AppDelegate.swift in Sources */,
				78C8128F22D3836C00B022D7 /* FlowerClassification.mlmodel in Sources */,
			);
			runOnlyForDeploymentPostprocessing = 0;
		};
/* End PBXSourcesBuildPhase section */

/* Begin PBXVariantGroup section */
		78F0576B22CEC91B002D7CBE /* Main.storyboard */ = {
			isa = PBXVariantGroup;
			children = (
				78F0576C22CEC91B002D7CBE /* Base */,
			);
			name = Main.storyboard;
			sourceTree = "<group>";
		};
		78F0577022CEC93D002D7CBE /* LaunchScreen.storyboard */ = {
			isa = PBXVariantGroup;
			children = (
				78F0577122CEC93D002D7CBE /* Base */,
			);
			name = LaunchScreen.storyboard;
			sourceTree = "<group>";
		};
/* End PBXVariantGroup section */

/* Begin XCBuildConfiguration section */
		78F0577422CEC93E002D7CBE /* Debug */ = {
			isa = XCBuildConfiguration;
			buildSettings = {
				ALWAYS_SEARCH_USER_PATHS = NO;
				CLANG_ANALYZER_NONNULL = YES;
				CLANG_ANALYZER_NUMBER_OBJECT_CONVERSION = YES_AGGRESSIVE;
				CLANG_CXX_LANGUAGE_STANDARD = "gnu++14";
				CLANG_CXX_LIBRARY = "libc++";
				CLANG_ENABLE_MODULES = YES;
				CLANG_ENABLE_OBJC_ARC = YES;
				CLANG_ENABLE_OBJC_WEAK = YES;
				CLANG_WARN_BLOCK_CAPTURE_AUTORELEASING = YES;
				CLANG_WARN_BOOL_CONVERSION = YES;
				CLANG_WARN_COMMA = YES;
				CLANG_WARN_CONSTANT_CONVERSION = YES;
				CLANG_WARN_DEPRECATED_OBJC_IMPLEMENTATIONS = YES;
				CLANG_WARN_DIRECT_OBJC_ISA_USAGE = YES_ERROR;
				CLANG_WARN_DOCUMENTATION_COMMENTS = YES;
				CLANG_WARN_EMPTY_BODY = YES;
				CLANG_WARN_ENUM_CONVERSION = YES;
				CLANG_WARN_INFINITE_RECURSION = YES;
				CLANG_WARN_INT_CONVERSION = YES;
				CLANG_WARN_NON_LITERAL_NULL_CONVERSION = YES;
				CLANG_WARN_OBJC_IMPLICIT_RETAIN_SELF = YES;
				CLANG_WARN_OBJC_LITERAL_CONVERSION = YES;
				CLANG_WARN_OBJC_ROOT_CLASS = YES_ERROR;
				CLANG_WARN_RANGE_LOOP_ANALYSIS = YES;
				CLANG_WARN_STRICT_PROTOTYPES = YES;
				CLANG_WARN_SUSPICIOUS_MOVE = YES;
				CLANG_WARN_UNGUARDED_AVAILABILITY = YES_AGGRESSIVE;
				CLANG_WARN_UNREACHABLE_CODE = YES;
				CLANG_WARN__DUPLICATE_METHOD_MATCH = YES;
				CODE_SIGN_IDENTITY = "iPhone Developer";
				COPY_PHASE_STRIP = NO;
				DEBUG_INFORMATION_FORMAT = dwarf;
				ENABLE_STRICT_OBJC_MSGSEND = YES;
				ENABLE_TESTABILITY = YES;
				GCC_C_LANGUAGE_STANDARD = gnu11;
				GCC_DYNAMIC_NO_PIC = NO;
				GCC_NO_COMMON_BLOCKS = YES;
				GCC_OPTIMIZATION_LEVEL = 0;
				GCC_PREPROCESSOR_DEFINITIONS = (
					"DEBUG=1",
					"$(inherited)",
				);
				GCC_WARN_64_TO_32_BIT_CONVERSION = YES;
				GCC_WARN_ABOUT_RETURN_TYPE = YES_ERROR;
				GCC_WARN_UNDECLARED_SELECTOR = YES;
				GCC_WARN_UNINITIALIZED_AUTOS = YES_AGGRESSIVE;
				GCC_WARN_UNUSED_FUNCTION = YES;
				GCC_WARN_UNUSED_VARIABLE = YES;
				IPHONEOS_DEPLOYMENT_TARGET = 12.2;
				MTL_ENABLE_DEBUG_INFO = INCLUDE_SOURCE;
				MTL_FAST_MATH = YES;
				ONLY_ACTIVE_ARCH = YES;
				SDKROOT = iphoneos;
				SWIFT_ACTIVE_COMPILATION_CONDITIONS = DEBUG;
				SWIFT_OPTIMIZATION_LEVEL = "-Onone";
			};
			name = Debug;
		};
		78F0577522CEC93E002D7CBE /* Release */ = {
			isa = XCBuildConfiguration;
			buildSettings = {
				ALWAYS_SEARCH_USER_PATHS = NO;
				CLANG_ANALYZER_NONNULL = YES;
				CLANG_ANALYZER_NUMBER_OBJECT_CONVERSION = YES_AGGRESSIVE;
				CLANG_CXX_LANGUAGE_STANDARD = "gnu++14";
				CLANG_CXX_LIBRARY = "libc++";
				CLANG_ENABLE_MODULES = YES;
				CLANG_ENABLE_OBJC_ARC = YES;
				CLANG_ENABLE_OBJC_WEAK = YES;
				CLANG_WARN_BLOCK_CAPTURE_AUTORELEASING = YES;
				CLANG_WARN_BOOL_CONVERSION = YES;
				CLANG_WARN_COMMA = YES;
				CLANG_WARN_CONSTANT_CONVERSION = YES;
				CLANG_WARN_DEPRECATED_OBJC_IMPLEMENTATIONS = YES;
				CLANG_WARN_DIRECT_OBJC_ISA_USAGE = YES_ERROR;
				CLANG_WARN_DOCUMENTATION_COMMENTS = YES;
				CLANG_WARN_EMPTY_BODY = YES;
				CLANG_WARN_ENUM_CONVERSION = YES;
				CLANG_WARN_INFINITE_RECURSION = YES;
				CLANG_WARN_INT_CONVERSION = YES;
				CLANG_WARN_NON_LITERAL_NULL_CONVERSION = YES;
				CLANG_WARN_OBJC_IMPLICIT_RETAIN_SELF = YES;
				CLANG_WARN_OBJC_LITERAL_CONVERSION = YES;
				CLANG_WARN_OBJC_ROOT_CLASS = YES_ERROR;
				CLANG_WARN_RANGE_LOOP_ANALYSIS = YES;
				CLANG_WARN_STRICT_PROTOTYPES = YES;
				CLANG_WARN_SUSPICIOUS_MOVE = YES;
				CLANG_WARN_UNGUARDED_AVAILABILITY = YES_AGGRESSIVE;
				CLANG_WARN_UNREACHABLE_CODE = YES;
				CLANG_WARN__DUPLICATE_METHOD_MATCH = YES;
				CODE_SIGN_IDENTITY = "iPhone Developer";
				COPY_PHASE_STRIP = NO;
				DEBUG_INFORMATION_FORMAT = "dwarf-with-dsym";
				ENABLE_NS_ASSERTIONS = NO;
				ENABLE_STRICT_OBJC_MSGSEND = YES;
				GCC_C_LANGUAGE_STANDARD = gnu11;
				GCC_NO_COMMON_BLOCKS = YES;
				GCC_WARN_64_TO_32_BIT_CONVERSION = YES;
				GCC_WARN_ABOUT_RETURN_TYPE = YES_ERROR;
				GCC_WARN_UNDECLARED_SELECTOR = YES;
				GCC_WARN_UNINITIALIZED_AUTOS = YES_AGGRESSIVE;
				GCC_WARN_UNUSED_FUNCTION = YES;
				GCC_WARN_UNUSED_VARIABLE = YES;
				IPHONEOS_DEPLOYMENT_TARGET = 12.2;
				MTL_ENABLE_DEBUG_INFO = NO;
				MTL_FAST_MATH = YES;
				SDKROOT = iphoneos;
				SWIFT_COMPILATION_MODE = wholemodule;
				SWIFT_OPTIMIZATION_LEVEL = "-O";
				VALIDATE_PRODUCT = YES;
			};
			name = Release;
		};
		78F0577722CEC93E002D7CBE /* Debug */ = {
			isa = XCBuildConfiguration;
			baseConfigurationReference = B04318C65E96B836321158E1 /* Pods-FindFlower.debug.xcconfig */;
			buildSettings = {
				ASSETCATALOG_COMPILER_APPICON_NAME = AppIcon;
				CODE_SIGN_STYLE = Automatic;
				DEVELOPMENT_TEAM = 5Q33N4U3XR;
				INFOPLIST_FILE = FindFlower/Info.plist;
				LD_RUNPATH_SEARCH_PATHS = (
					"$(inherited)",
					"@executable_path/Frameworks",
				);
				PRODUCT_BUNDLE_IDENTIFIER = com.programmeralley.FindFlower;
				PRODUCT_NAME = "$(TARGET_NAME)";
				SWIFT_VERSION = 5.0;
				TARGETED_DEVICE_FAMILY = "1,2";
			};
			name = Debug;
		};
		78F0577822CEC93E002D7CBE /* Release */ = {
			isa = XCBuildConfiguration;
			baseConfigurationReference = 42CF37E8FADA341CF2EBC7DD /* Pods-FindFlower.release.xcconfig */;
			buildSettings = {
				ASSETCATALOG_COMPILER_APPICON_NAME = AppIcon;
				CODE_SIGN_STYLE = Automatic;
				DEVELOPMENT_TEAM = 5Q33N4U3XR;
				INFOPLIST_FILE = FindFlower/Info.plist;
				LD_RUNPATH_SEARCH_PATHS = (
					"$(inherited)",
					"@executable_path/Frameworks",
				);
				PRODUCT_BUNDLE_IDENTIFIER = com.programmeralley.FindFlower;
				PRODUCT_NAME = "$(TARGET_NAME)";
				SWIFT_VERSION = 5.0;
				TARGETED_DEVICE_FAMILY = "1,2";
			};
			name = Release;
		};
/* End XCBuildConfiguration section */

/* Begin XCConfigurationList section */
		78F0575F22CEC91B002D7CBE /* Build configuration list for PBXProject "FindFlower" */ = {
			isa = XCConfigurationList;
			buildConfigurations = (
				78F0577422CEC93E002D7CBE /* Debug */,
				78F0577522CEC93E002D7CBE /* Release */,
			);
			defaultConfigurationIsVisible = 0;
			defaultConfigurationName = Release;
		};
		78F0577622CEC93E002D7CBE /* Build configuration list for PBXNativeTarget "FindFlower" */ = {
			isa = XCConfigurationList;
			buildConfigurations = (
				78F0577722CEC93E002D7CBE /* Debug */,
				78F0577822CEC93E002D7CBE /* Release */,
			);
			defaultConfigurationIsVisible = 0;
			defaultConfigurationName = Release;
		};
/* End XCConfigurationList section */
	};
	rootObject = 78F0575C22CEC91B002D7CBE /* Project object */;
}
